
Microsoft Visual Studio Solution File, Format Version 12.00
# Visual Studio 14
VisualStudioVersion = 14.0.25420.1
MinimumVisualStudioVersion = 10.0.40219.1
Project("{FAE04EC0-301F-11D3-BF4B-00C04F79EFBC}") = "Harjoitus_1", "Harjoitus_1\Harjoitus_1.csproj", "{63F6139E-22AD-4EF2-AE24-D4A1E4830063}"
EndProject
Project("{FAE04EC0-301F-11D3-BF4B-00C04F79EFBC}") = "Harjoitus_2", "Harjoitus_2\Harjoitus_2.csproj", "{D7E4AEA1-B921-4D01-9908-A8DFCF8A281B}"
EndProject
Project("{FAE04EC0-301F-11D3-BF4B-00C04F79EFBC}") = "Harjoitus_3", "Harjoitus_3\Harjoitus_3.csproj", "{F3262336-05F7-4B83-AFE9-8C527A5DA31A}"
EndProject
Project("{FAE04EC0-301F-11D3-BF4B-00C04F79EFBC}") = "Harjoitus_4", "Harjoitus_4\Harjoitus_4.csproj", "{C4DE2366-9AA2-434B-9729-5B734507E090}"
EndProject
Project("{FAE04EC0-301F-11D3-BF4B-00C04F79EFBC}") = "Helpers", "Helpers\Helpers.csproj", "{44B64A3D-B743-43BB-9357-49C17379C506}"
EndProject
Project("{FAE04EC0-301F-11D3-BF4B-00C04F79EFBC}") = "Harjoitus_5", "Harjoitus_5\Harjoitus_5.csproj", "{C7074CB8-39BF-4E6D-8D65-E5175B686B06}"
	ProjectSection(ProjectDependencies) = postProject
		{44B64A3D-B743-43BB-9357-49C17379C506} = {44B64A3D-B743-43BB-9357-49C17379C506}
	EndProjectSection
EndProject
Project("{FAE04EC0-301F-11D3-BF4B-00C04F79EFBC}") = "Harjoitus_6", "Harjoitus_6\Harjoitus_6.csproj", "{60081584-4878-4D0E-841E-4A168ABC9347}"
EndProject
Project("{FAE04EC0-301F-11D3-BF4B-00C04F79EFBC}") = "Harjoitus_7", "Harjoitus_7\Harjoitus_7.csproj", "{2E296268-7CAD-4C87-AE56-942720CBC848}"
EndProject
Project("{FAE04EC0-301F-11D3-BF4B-00C04F79EFBC}") = "Harjoitus_8", "Harjoitus_8\Harjoitus_8.csproj", "{0AABBE2E-47BA-400F-BE41-389068301E63}"
	ProjectSection(ProjectDependencies) = postProject
		{44B64A3D-B743-43BB-9357-49C17379C506} = {44B64A3D-B743-43BB-9357-49C17379C506}
	EndProjectSection
EndProject
Project("{FAE04EC0-301F-11D3-BF4B-00C04F79EFBC}") = "Harjoitus_9", "Harjoitus_9\Harjoitus_9.csproj", "{70CD4A86-EFA0-4425-87C2-46074F685D6C}"
	ProjectSection(ProjectDependencies) = postProject
		{44B64A3D-B743-43BB-9357-49C17379C506} = {44B64A3D-B743-43BB-9357-49C17379C506}
	EndProjectSection
EndProject
Project("{FAE04EC0-301F-11D3-BF4B-00C04F79EFBC}") = "Harjoitus_10", "Harjoitus_10\Harjoitus_10.csproj", "{54C897B3-D095-4AF8-B9C6-8A7D326354E3}"
	ProjectSection(ProjectDependencies) = postProject
		{44B64A3D-B743-43BB-9357-49C17379C506} = {44B64A3D-B743-43BB-9357-49C17379C506}
	EndProjectSection
EndProject
Global
	GlobalSection(SolutionConfigurationPlatforms) = preSolution
		Debug|Any CPU = Debug|Any CPU
		Release|Any CPU = Release|Any CPU
	EndGlobalSection
	GlobalSection(ProjectConfigurationPlatforms) = postSolution
		{63F6139E-22AD-4EF2-AE24-D4A1E4830063}.Debug|Any CPU.ActiveCfg = Debug|Any CPU
		{63F6139E-22AD-4EF2-AE24-D4A1E4830063}.Debug|Any CPU.Build.0 = Debug|Any CPU
		{63F6139E-22AD-4EF2-AE24-D4A1E4830063}.Release|Any CPU.ActiveCfg = Release|Any CPU
		{63F6139E-22AD-4EF2-AE24-D4A1E4830063}.Release|Any CPU.Build.0 = Release|Any CPU
		{D7E4AEA1-B921-4D01-9908-A8DFCF8A281B}.Debug|Any CPU.ActiveCfg = Debug|Any CPU
		{D7E4AEA1-B921-4D01-9908-A8DFCF8A281B}.Debug|Any CPU.Build.0 = Debug|Any CPU
		{D7E4AEA1-B921-4D01-9908-A8DFCF8A281B}.Release|Any CPU.ActiveCfg = Release|Any CPU
		{D7E4AEA1-B921-4D01-9908-A8DFCF8A281B}.Release|Any CPU.Build.0 = Release|Any CPU
		{F3262336-05F7-4B83-AFE9-8C527A5DA31A}.Debug|Any CPU.ActiveCfg = Debug|Any CPU
		{F3262336-05F7-4B83-AFE9-8C527A5DA31A}.Debug|Any CPU.Build.0 = Debug|Any CPU
		{F3262336-05F7-4B83-AFE9-8C527A5DA31A}.Release|Any CPU.ActiveCfg = Release|Any CPU
		{F3262336-05F7-4B83-AFE9-8C527A5DA31A}.Release|Any CPU.Build.0 = Release|Any CPU
		{C4DE2366-9AA2-434B-9729-5B734507E090}.Debug|Any CPU.ActiveCfg = Debug|Any CPU
		{C4DE2366-9AA2-434B-9729-5B734507E090}.Debug|Any CPU.Build.0 = Debug|Any CPU
		{C4DE2366-9AA2-434B-9729-5B734507E090}.Release|Any CPU.ActiveCfg = Release|Any CPU
		{C4DE2366-9AA2-434B-9729-5B734507E090}.Release|Any CPU.Build.0 = Release|Any CPU
		{44B64A3D-B743-43BB-9357-49C17379C506}.Debug|Any CPU.ActiveCfg = Debug|Any CPU
		{44B64A3D-B743-43BB-9357-49C17379C506}.Debug|Any CPU.Build.0 = Debug|Any CPU
		{44B64A3D-B743-43BB-9357-49C17379C506}.Release|Any CPU.ActiveCfg = Release|Any CPU
		{44B64A3D-B743-43BB-9357-49C17379C506}.Release|Any CPU.Build.0 = Release|Any CPU
		{C7074CB8-39BF-4E6D-8D65-E5175B686B06}.Debug|Any CPU.ActiveCfg = Debug|Any CPU
		{C7074CB8-39BF-4E6D-8D65-E5175B686B06}.Debug|Any CPU.Build.0 = Debug|Any CPU
		{C7074CB8-39BF-4E6D-8D65-E5175B686B06}.Release|Any CPU.ActiveCfg = Release|Any CPU
		{C7074CB8-39BF-4E6D-8D65-E5175B686B06}.Release|Any CPU.Build.0 = Release|Any CPU
		{60081584-4878-4D0E-841E-4A168ABC9347}.Debug|Any CPU.ActiveCfg = Debug|Any CPU
		{60081584-4878-4D0E-841E-4A168ABC9347}.Debug|Any CPU.Build.0 = Debug|Any CPU
		{60081584-4878-4D0E-841E-4A168ABC9347}.Release|Any CPU.ActiveCfg = Release|Any CPU
		{60081584-4878-4D0E-841E-4A168ABC9347}.Release|Any CPU.Build.0 = Release|Any CPU
		{2E296268-7CAD-4C87-AE56-942720CBC848}.Debug|Any CPU.ActiveCfg = Debug|Any CPU
		{2E296268-7CAD-4C87-AE56-942720CBC848}.Debug|Any CPU.Build.0 = Debug|Any CPU
		{2E296268-7CAD-4C87-AE56-942720CBC848}.Release|Any CPU.ActiveCfg = Release|Any CPU
		{2E296268-7CAD-4C87-AE56-942720CBC848}.Release|Any CPU.Build.0 = Release|Any CPU
		{0AABBE2E-47BA-400F-BE41-389068301E63}.Debug|Any CPU.ActiveCfg = Debug|Any CPU
		{0AABBE2E-47BA-400F-BE41-389068301E63}.Debug|Any CPU.Build.0 = Debug|Any CPU
		{0AABBE2E-47BA-400F-BE41-389068301E63}.Release|Any CPU.ActiveCfg = Release|Any CPU
		{0AABBE2E-47BA-400F-BE41-389068301E63}.Release|Any CPU.Build.0 = Release|Any CPU
		{70CD4A86-EFA0-4425-87C2-46074F685D6C}.Debug|Any CPU.ActiveCfg = Debug|Any CPU
		{70CD4A86-EFA0-4425-87C2-46074F685D6C}.Debug|Any CPU.Build.0 = Debug|Any CPU
		{70CD4A86-EFA0-4425-87C2-46074F685D6C}.Release|Any CPU.ActiveCfg = Release|Any CPU
		{70CD4A86-EFA0-4425-87C2-46074F685D6C}.Release|Any CPU.Build.0 = Release|Any CPU
		{54C897B3-D095-4AF8-B9C6-8A7D326354E3}.Debug|Any CPU.ActiveCfg = Debug|Any CPU
		{54C897B3-D095-4AF8-B9C6-8A7D326354E3}.Debug|Any CPU.Build.0 = Debug|Any CPU
		{54C897B3-D095-4AF8-B9C6-8A7D326354E3}.Release|Any CPU.ActiveCfg = Release|Any CPU
		{54C897B3-D095-4AF8-B9C6-8A7D326354E3}.Release|Any CPU.Build.0 = Release|Any CPU
	EndGlobalSection
	GlobalSection(SolutionProperties) = preSolution
		HideSolutionNode = FALSE
	EndGlobalSection
EndGlobal
